
Microsoft Visual Studio Solution File, Format Version 12.00
# Visual Studio 15
VisualStudioVersion = 15.0.27130.2027
MinimumVisualStudioVersion = 10.0.40219.1
Project("{FAE04EC0-301F-11D3-BF4B-00C04F79EFBC}") = "ProyectoXamarinApp.Android", "ProyectoXamarinApp\ProyectoXamarinApp.Android\ProyectoXamarinApp.Android.csproj", "{1AB351DF-FE5A-48A8-9815-C79EEC95F7F2}"
EndProject
Project("{FAE04EC0-301F-11D3-BF4B-00C04F79EFBC}") = "ProyectoXamarinApp.iOS", "ProyectoXamarinApp\ProyectoXamarinApp.iOS\ProyectoXamarinApp.iOS.csproj", "{CCBA9D45-8975-4486-82EE-BE968B78DD4D}"
EndProject
Project("{FAE04EC0-301F-11D3-BF4B-00C04F79EFBC}") = "ProyectoXamarinApp", "ProyectoXamarinApp\ProyectoXamarinApp\ProyectoXamarinApp.csproj", "{BBD15E36-0B16-477B-A616-060F165ACE85}"
EndProject
Global
	GlobalSection(SolutionConfigurationPlatforms) = preSolution
		Ad-Hoc|Any CPU = Ad-Hoc|Any CPU
		Ad-Hoc|iPhone = Ad-Hoc|iPhone
		Ad-Hoc|iPhoneSimulator = Ad-Hoc|iPhoneSimulator
		AppStore|Any CPU = AppStore|Any CPU
		AppStore|iPhone = AppStore|iPhone
		AppStore|iPhoneSimulator = AppStore|iPhoneSimulator
		Debug|Any CPU = Debug|Any CPU
		Debug|iPhone = Debug|iPhone
		Debug|iPhoneSimulator = Debug|iPhoneSimulator
		Release|Any CPU = Release|Any CPU
		Release|iPhone = Release|iPhone
		Release|iPhoneSimulator = Release|iPhoneSimulator
	EndGlobalSection
	GlobalSection(ProjectConfigurationPlatforms) = postSolution
		{1AB351DF-FE5A-48A8-9815-C79EEC95F7F2}.Ad-Hoc|Any CPU.ActiveCfg = Release|Any CPU
		{1AB351DF-FE5A-48A8-9815-C79EEC95F7F2}.Ad-Hoc|Any CPU.Build.0 = Release|Any CPU
		{1AB351DF-FE5A-48A8-9815-C79EEC95F7F2}.Ad-Hoc|Any CPU.Deploy.0 = Release|Any CPU
		{1AB351DF-FE5A-48A8-9815-C79EEC95F7F2}.Ad-Hoc|iPhone.ActiveCfg = Release|Any CPU
		{1AB351DF-FE5A-48A8-9815-C79EEC95F7F2}.Ad-Hoc|iPhone.Build.0 = Release|Any CPU
		{1AB351DF-FE5A-48A8-9815-C79EEC95F7F2}.Ad-Hoc|iPhone.Deploy.0 = Release|Any CPU
		{1AB351DF-FE5A-48A8-9815-C79EEC95F7F2}.Ad-Hoc|iPhoneSimulator.ActiveCfg = Release|Any CPU
		{1AB351DF-FE5A-48A8-9815-C79EEC95F7F2}.Ad-Hoc|iPhoneSimulator.Build.0 = Release|Any CPU
		{1AB351DF-FE5A-48A8-9815-C79EEC95F7F2}.Ad-Hoc|iPhoneSimulator.Deploy.0 = Release|Any CPU
		{1AB351DF-FE5A-48A8-9815-C79EEC95F7F2}.AppStore|Any CPU.ActiveCfg = Release|Any CPU
		{1AB351DF-FE5A-48A8-9815-C79EEC95F7F2}.AppStore|Any CPU.Build.0 = Release|Any CPU
		{1AB351DF-FE5A-48A8-9815-C79EEC95F7F2}.AppStore|Any CPU.Deploy.0 = Release|Any CPU
		{1AB351DF-FE5A-48A8-9815-C79EEC95F7F2}.AppStore|iPhone.ActiveCfg = Release|Any CPU
		{1AB351DF-FE5A-48A8-9815-C79EEC95F7F2}.AppStore|iPhone.Build.0 = Release|Any CPU
		{1AB351DF-FE5A-48A8-9815-C79EEC95F7F2}.AppStore|iPhone.Deploy.0 = Release|Any CPU
		{1AB351DF-FE5A-48A8-9815-C79EEC95F7F2}.AppStore|iPhoneSimulator.ActiveCfg = Release|Any CPU
		{1AB351DF-FE5A-48A8-9815-C79EEC95F7F2}.AppStore|iPhoneSimulator.Build.0 = Release|Any CPU
		{1AB351DF-FE5A-48A8-9815-C79EEC95F7F2}.AppStore|iPhoneSimulator.Deploy.0 = Release|Any CPU
		{1AB351DF-FE5A-48A8-9815-C79EEC95F7F2}.Debug|Any CPU.ActiveCfg = Debug|Any CPU
		{1AB351DF-FE5A-48A8-9815-C79EEC95F7F2}.Debug|Any CPU.Build.0 = Debug|Any CPU
		{1AB351DF-FE5A-48A8-9815-C79EEC95F7F2}.Debug|Any CPU.Deploy.0 = Debug|Any CPU
		{1AB351DF-FE5A-48A8-9815-C79EEC95F7F2}.Debug|iPhone.ActiveCfg = Debug|Any CPU
		{1AB351DF-FE5A-48A8-9815-C79EEC95F7F2}.Debug|iPhone.Build.0 = Debug|Any CPU
		{1AB351DF-FE5A-48A8-9815-C79EEC95F7F2}.Debug|iPhone.Deploy.0 = Debug|Any CPU
		{1AB351DF-FE5A-48A8-9815-C79EEC95F7F2}.Debug|iPhoneSimulator.ActiveCfg = Debug|Any CPU
		{1AB351DF-FE5A-48A8-9815-C79EEC95F7F2}.Debug|iPhoneSimulator.Build.0 = Debug|Any CPU
		{1AB351DF-FE5A-48A8-9815-C79EEC95F7F2}.Debug|iPhoneSimulator.Deploy.0 = Debug|Any CPU
		{1AB351DF-FE5A-48A8-9815-C79EEC95F7F2}.Release|Any CPU.ActiveCfg = Release|Any CPU
		{1AB351DF-FE5A-48A8-9815-C79EEC95F7F2}.Release|Any CPU.Build.0 = Release|Any CPU
		{1AB351DF-FE5A-48A8-9815-C79EEC95F7F2}.Release|Any CPU.Deploy.0 = Release|Any CPU
		{1AB351DF-FE5A-48A8-9815-C79EEC95F7F2}.Release|iPhone.ActiveCfg = Release|Any CPU
		{1AB351DF-FE5A-48A8-9815-C79EEC95F7F2}.Release|iPhone.Build.0 = Release|Any CPU
		{1AB351DF-FE5A-48A8-9815-C79EEC95F7F2}.Release|iPhone.Deploy.0 = Release|Any CPU
		{1AB351DF-FE5A-48A8-9815-C79EEC95F7F2}.Release|iPhoneSimulator.ActiveCfg = Release|Any CPU
		{1AB351DF-FE5A-48A8-9815-C79EEC95F7F2}.Release|iPhoneSimulator.Build.0 = Release|Any CPU
		{1AB351DF-FE5A-48A8-9815-C79EEC95F7F2}.Release|iPhoneSimulator.Deploy.0 = Release|Any CPU
		{CCBA9D45-8975-4486-82EE-BE968B78DD4D}.Ad-Hoc|Any CPU.ActiveCfg = Ad-Hoc|iPhone
		{CCBA9D45-8975-4486-82EE-BE968B78DD4D}.Ad-Hoc|iPhone.ActiveCfg = Ad-Hoc|iPhone
		{CCBA9D45-8975-4486-82EE-BE968B78DD4D}.Ad-Hoc|iPhone.Build.0 = Ad-Hoc|iPhone
		{CCBA9D45-8975-4486-82EE-BE968B78DD4D}.Ad-Hoc|iPhoneSimulator.ActiveCfg = Ad-Hoc|iPhoneSimulator
		{CCBA9D45-8975-4486-82EE-BE968B78DD4D}.Ad-Hoc|iPhoneSimulator.Build.0 = Ad-Hoc|iPhoneSimulator
		{CCBA9D45-8975-4486-82EE-BE968B78DD4D}.AppStore|Any CPU.ActiveCfg = AppStore|iPhone
		{CCBA9D45-8975-4486-82EE-BE968B78DD4D}.AppStore|iPhone.ActiveCfg = AppStore|iPhone
		{CCBA9D45-8975-4486-82EE-BE968B78DD4D}.AppStore|iPhone.Build.0 = AppStore|iPhone
		{CCBA9D45-8975-4486-82EE-BE968B78DD4D}.AppStore|iPhoneSimulator.ActiveCfg = AppStore|iPhoneSimulator
		{CCBA9D45-8975-4486-82EE-BE968B78DD4D}.AppStore|iPhoneSimulator.Build.0 = AppStore|iPhoneSimulator
		{CCBA9D45-8975-4486-82EE-BE968B78DD4D}.Debug|Any CPU.ActiveCfg = Debug|iPhone
		{CCBA9D45-8975-4486-82EE-BE968B78DD4D}.Debug|iPhone.ActiveCfg = Debug|iPhone
		{CCBA9D45-8975-4486-82EE-BE968B78DD4D}.Debug|iPhone.Build.0 = Debug|iPhone
		{CCBA9D45-8975-4486-82EE-BE968B78DD4D}.Debug|iPhoneSimulator.ActiveCfg = Debug|iPhoneSimulator
		{CCBA9D45-8975-4486-82EE-BE968B78DD4D}.Debug|iPhoneSimulator.Build.0 = Debug|iPhoneSimulator
		{CCBA9D45-8975-4486-82EE-BE968B78DD4D}.Release|Any CPU.ActiveCfg = Release|iPhone
		{CCBA9D45-8975-4486-82EE-BE968B78DD4D}.Release|iPhone.ActiveCfg = Release|iPhone
		{CCBA9D45-8975-4486-82EE-BE968B78DD4D}.Release|iPhone.Build.0 = Release|iPhone
		{CCBA9D45-8975-4486-82EE-BE968B78DD4D}.Release|iPhoneSimulator.ActiveCfg = Release|iPhoneSimulator
		{CCBA9D45-8975-4486-82EE-BE968B78DD4D}.Release|iPhoneSimulator.Build.0 = Release|iPhoneSimulator
		{BBD15E36-0B16-477B-A616-060F165ACE85}.Ad-Hoc|Any CPU.ActiveCfg = Debug|Any CPU
		{BBD15E36-0B16-477B-A616-060F165ACE85}.Ad-Hoc|Any CPU.Build.0 = Debug|Any CPU
		{BBD15E36-0B16-477B-A616-060F165ACE85}.Ad-Hoc|iPhone.ActiveCfg = Debug|Any CPU
		{BBD15E36-0B16-477B-A616-060F165ACE85}.Ad-Hoc|iPhone.Build.0 = Debug|Any CPU
		{BBD15E36-0B16-477B-A616-060F165ACE85}.Ad-Hoc|iPhoneSimulator.ActiveCfg = Debug|Any CPU
		{BBD15E36-0B16-477B-A616-060F165ACE85}.Ad-Hoc|iPhoneSimulator.Build.0 = Debug|Any CPU
		{BBD15E36-0B16-477B-A616-060F165ACE85}.AppStore|Any CPU.ActiveCfg = Debug|Any CPU
		{BBD15E36-0B16-477B-A616-060F165ACE85}.AppStore|Any CPU.Build.0 = Debug|Any CPU
		{BBD15E36-0B16-477B-A616-060F165ACE85}.AppStore|iPhone.ActiveCfg = Debug|Any CPU
		{BBD15E36-0B16-477B-A616-060F165ACE85}.AppStore|iPhone.Build.0 = Debug|Any CPU
		{BBD15E36-0B16-477B-A616-060F165ACE85}.AppStore|iPhoneSimulator.ActiveCfg = Debug|Any CPU
		{BBD15E36-0B16-477B-A616-060F165ACE85}.AppStore|iPhoneSimulator.Build.0 = Debug|Any CPU
		{BBD15E36-0B16-477B-A616-060F165ACE85}.Debug|Any CPU.ActiveCfg = Debug|Any CPU
		{BBD15E36-0B16-477B-A616-060F165ACE85}.Debug|Any CPU.Build.0 = Debug|Any CPU
		{BBD15E36-0B16-477B-A616-060F165ACE85}.Debug|iPhone.ActiveCfg = Debug|Any CPU
		{BBD15E36-0B16-477B-A616-060F165ACE85}.Debug|iPhone.Build.0 = Debug|Any CPU
		{BBD15E36-0B16-477B-A616-060F165ACE85}.Debug|iPhoneSimulator.ActiveCfg = Debug|Any CPU
		{BBD15E36-0B16-477B-A616-060F165ACE85}.Debug|iPhoneSimulator.Build.0 = Debug|Any CPU
		{BBD15E36-0B16-477B-A616-060F165ACE85}.Release|Any CPU.ActiveCfg = Release|Any CPU
		{BBD15E36-0B16-477B-A616-060F165ACE85}.Release|Any CPU.Build.0 = Release|Any CPU
		{BBD15E36-0B16-477B-A616-060F165ACE85}.Release|iPhone.ActiveCfg = Release|Any CPU
		{BBD15E36-0B16-477B-A616-060F165ACE85}.Release|iPhone.Build.0 = Release|Any CPU
		{BBD15E36-0B16-477B-A616-060F165ACE85}.Release|iPhoneSimulator.ActiveCfg = Release|Any CPU
		{BBD15E36-0B16-477B-A616-060F165ACE85}.Release|iPhoneSimulator.Build.0 = Release|Any CPU
	EndGlobalSection
	GlobalSection(SolutionProperties) = preSolution
		HideSolutionNode = FALSE
	EndGlobalSection
	GlobalSection(ExtensibilityGlobals) = postSolution
		SolutionGuid = {0A78D73B-96A4-4B00-BB24-8BFF4B26C4E0}
	EndGlobalSection
EndGlobal
